
Microsoft Visual Studio Solution File, Format Version 12.00
# Visual Studio Express 15 for Windows Desktop
VisualStudioVersion = 15.0.37131.
MinimumVisualStudioVersion = 10.0.40219.1
Project("{8BC9CEB8-8B4A-11D0-8D11-00A0C91BC942}") = "GifBayerDitherOutput", "gif-bayer-dither-output\GifBayerDitherOutput.vcxproj", "{D5450DF2-EFA7-476B-844C-774FE35CA160}"
EndProject
Project("{8BC9CEB8-8B4A-11D0-8D11-00A0C91BC942}") = "giflib", "giflib\giflib.vcxproj", "{C109E0C0-D28B-4C5E-905E-A2EDBF21B18F}"
EndProject
Global
	GlobalSection(SolutionConfigurationPlatforms) = preSolution
		Debug|x64 = Debug|x64
		Debug|x86 = Debug|x86
		Release|x64 = Release|x64
		Release|x86 = Release|x86
	EndGlobalSection
	GlobalSection(ProjectConfigurationPlatforms) = postSolution
		{D5450DF2-EFA7-476B-844C-774FE35CA160}.Debug|x64.ActiveCfg = Debug|x64
		{D5450DF2-EFA7-476B-844C-774FE35CA160}.Debug|x64.Build.0 = Debug|x64
		{D5450DF2-EFA7-476B-844C-774FE35CA160}.Debug|x86.ActiveCfg = Debug|Win32
		{D5450DF2-EFA7-476B-844C-774FE35CA160}.Debug|x86.Build.0 = Debug|Win32
		{D5450DF2-EFA7-476B-844C-774FE35CA160}.Release|x64.ActiveCfg = Release|x64
		{D5450DF2-EFA7-476B-844C-774FE35CA160}.Release|x64.Build.0 = Release|x64
		{D5450DF2-EFA7-476B-844C-774FE35CA160}.Release|x86.ActiveCfg = Release|Win32
		{D5450DF2-EFA7-476B-844C-774FE35CA160}.Release|x86.Build.0 = Release|Win32
		{C109E0C0-D28B-4C5E-905E-A2EDBF21B18F}.Debug|x64.ActiveCfg = Debug|x64
		{C109E0C0-D28B-4C5E-905E-A2EDBF21B18F}.Debug|x64.Build.0 = Debug|x64
		{C109E0C0-D28B-4C5E-905E-A2EDBF21B18F}.Debug|x86.ActiveCfg = Debug|Win32
		{C109E0C0-D28B-4C5E-905E-A2EDBF21B18F}.Debug|x86.Build.0 = Debug|Win32
		{C109E0C0-D28B-4C5E-905E-A2EDBF21B18F}.Release|x64.ActiveCfg = Release|x64
		{C109E0C0-D28B-4C5E-905E-A2EDBF21B18F}.Release|x64.Build.0 = Release|x64
		{C109E0C0-D28B-4C5E-905E-A2EDBF21B18F}.Release|x86.ActiveCfg = Release|Win32
		{C109E0C0-D28B-4C5E-905E-A2EDBF21B18F}.Release|x86.Build.0 = Release|Win32
	EndGlobalSection
	GlobalSection(SolutionProperties) = preSolution
		HideSolutionNode = FALSE
	EndGlobalSection
	GlobalSection(ExtensibilityGlobals) = postSolution
		SolutionGuid = {1449C95D-7D44-4A16-9062-424AF33643A6}
	EndGlobalSection
EndGlobal
