<?xml version="1.0" encoding="utf-8"?>
<Project ToolsVersion="4.0" xmlns="http://schemas.microsoft.com/developer/msbuild/2003">
  <ItemGroup>
    <Filter Include="ソース ファイル">
      <UniqueIdentifier>{4FC737F1-C7A5-4376-A066-2A32D752A2FF}</UniqueIdentifier>
      <Extensions>cpp;c;cc;cxx;def;odl;idl;hpj;bat;asm;asmx</Extensions>
    </Filter>
    <Filter Include="ヘッダー ファイル">
      <UniqueIdentifier>{93995380-89BD-4b04-88EB-625FBE52EBFB}</UniqueIdentifier>
      <Extensions>h;hh;hpp;hxx;hm;inl;inc;ipp;xsd</Extensions>
    </Filter>
    <Filter Include="リソース ファイル">
      <UniqueIdentifier>{67DA6AB6-F800-4c08-8B7A-83BB121AAD01}</UniqueIdentifier>
      <Extensions>rc;ico;cur;bmp;dlg;rc2;rct;bin;rgs;gif;jpg;jpeg;jpe;resx;tiff;tif;png;wav;mfcribbon-ms</Extensions>
    </Filter>
    <Filter Include="giflib">
      <UniqueIdentifier>{1cd0a6fb-39b2-4344-ab6d-0cc5dab27803}</UniqueIdentifier>
    </Filter>
  </ItemGroup>
  <ItemGroup>
    <ClInclude Include="unistd.h">
      <Filter>ソース ファイル</Filter>
    </ClInclude>
    <ClInclude Include="giflib\getarg.h">
      <Filter>giflib</Filter>
    </ClInclude>
    <ClInclude Include="giflib\gif_hash.h">
      <Filter>giflib</Filter>
    </ClInclude>
    <ClInclude Include="giflib\gif_lib.h">
      <Filter>giflib</Filter>
    </ClInclude>
    <ClInclude Include="giflib\gif_lib_private.h">
      <Filter>giflib</Filter>
    </ClInclude>
  </ItemGroup>
  <ItemGroup>
    <ClCompile Include="giflib\quantize.c">
      <Filter>giflib</Filter>
    </ClCompile>
    <ClCompile Include="giflib\dgif_lib.c">
      <Filter>giflib</Filter>
    </ClCompile>
    <ClCompile Include="giflib\egif_lib.c">
      <Filter>giflib</Filter>
    </ClCompile>
    <ClCompile Include="giflib\getarg.c">
      <Filter>giflib</Filter>
    </ClCompile>
    <ClCompile Include="giflib\gif_err.c">
      <Filter>giflib</Filter>
    </ClCompile>
    <ClCompile Include="giflib\gif_font.c">
      <Filter>giflib</Filter>
    </ClCompile>
    <ClCompile Include="giflib\gif_hash.c">
      <Filter>giflib</Filter>
    </ClCompile>
    <ClCompile Include="giflib\gif2rgb.c">
      <Filter>giflib</Filter>
    </ClCompile>
    <ClCompile Include="giflib\gifalloc.c">
      <Filter>giflib</Filter>
    </ClCompile>
    <ClCompile Include="giflib\gifbg.c">
      <Filter>giflib</Filter>
    </ClCompile>
    <ClCompile Include="giflib\gifbuild.c">
      <Filter>giflib</Filter>
    </ClCompile>
    <ClCompile Include="giflib\gifclrmp.c">
      <Filter>giflib</Filter>
    </ClCompile>
    <ClCompile Include="giflib\gifcolor.c">
      <Filter>giflib</Filter>
    </ClCompile>
    <ClCompile Include="giflib\gifecho.c">
      <Filter>giflib</Filter>
    </ClCompile>
    <ClCompile Include="giflib\giffilter.c">
      <Filter>giflib</Filter>
    </ClCompile>
    <ClCompile Include="giflib\giffix.c">
      <Filter>giflib</Filter>
    </ClCompile>
    <ClCompile Include="giflib\gifhisto.c">
      <Filter>giflib</Filter>
    </ClCompile>
    <ClCompile Include="giflib\gifinto.c">
      <Filter>giflib</Filter>
    </ClCompile>
    <ClCompile Include="giflib\gifsponge.c">
      <Filter>giflib</Filter>
    </ClCompile>
    <ClCompile Include="giflib\giftext.c">
      <Filter>giflib</Filter>
    </ClCompile>
    <ClCompile Include="giflib\gifwedge.c">
      <Filter>giflib</Filter>
    </ClCompile>
    <ClCompile Include="giflib\openbsd-reallocarray.c">
      <Filter>giflib</Filter>
    </ClCompile>
    <ClCompile Include="giflib\qprintf.c">
      <Filter>giflib</Filter>
    </ClCompile>
  </ItemGroup>
</Project>