
Microsoft Visual Studio Solution File, Format Version 12.00
# Visual Studio Express 15 for Windows Desktop
VisualStudioVersion = 15.0.37131.7
MinimumVisualStudioVersion = 10.0.40219.1
Project("{D954291E-2A0B-460D-934E-DC6B0785DB48}") = "Project", "Project\Project.shproj", "{C758064F-148E-4C97-9F5C-628CCACA9C59}"
EndProject
Global
	GlobalSection(SharedMSBuildProjectFiles) = preSolution
		Project\Project.projitems*{c758064f-148e-4c97-9f5c-628ccaca9c59}*SharedItemsImports = 13
	EndGlobalSection
	GlobalSection(SolutionProperties) = preSolution
		HideSolutionNode = FALSE
	EndGlobalSection
	GlobalSection(ExtensibilityGlobals) = postSolution
		SolutionGuid = {1B668DF8-21CB-4EE3-85C6-BC862E21CF68}
	EndGlobalSection
EndGlobal
